// !$*UTF8*$!
{
	archiveVersion = 1;
	classes = {
	};
	objectVersion = 50;
	objects = {

/* Begin PBXBuildFile section */
		CE1A4ADA26F0CE0D0092FAEC /* AppDelegate.swift in Sources */ = {isa = PBXBuildFile; fileRef = CE1A4AD926F0CE0D0092FAEC /* AppDelegate.swift */; };
		CE1A4ADC26F0CE0D0092FAEC /* SceneDelegate.swift in Sources */ = {isa = PBXBuildFile; fileRef = CE1A4ADB26F0CE0D0092FAEC /* SceneDelegate.swift */; };
		CE1A4ADE26F0CE0D0092FAEC /* ContentView.swift in Sources */ = {isa = PBXBuildFile; fileRef = CE1A4ADD26F0CE0D0092FAEC /* ContentView.swift */; };
		CE1A4AE026F0CE0E0092FAEC /* Assets.xcassets in Resources */ = {isa = PBXBuildFile; fileRef = CE1A4ADF26F0CE0E0092FAEC /* Assets.xcassets */; };
		CE1A4AE326F0CE0E0092FAEC /* Preview Assets.xcassets in Resources */ = {isa = PBXBuildFile; fileRef = CE1A4AE226F0CE0E0092FAEC /* Preview Assets.xcassets */; };
		CE1A4AE626F0CE0E0092FAEC /* LaunchScreen.storyboard in Resources */ = {isa = PBXBuildFile; fileRef = CE1A4AE426F0CE0E0092FAEC /* LaunchScreen.storyboard */; };
/* End PBXBuildFile section */

/* Begin PBXFileReference section */
		CE1A4AD626F0CE0D0092FAEC /* proba.app */ = {isa = PBXFileReference; explicitFileType = wrapper.application; includeInIndex = 0; path = proba.app; sourceTree = BUILT_PRODUCTS_DIR; };
		CE1A4AD926F0CE0D0092FAEC /* AppDelegate.swift */ = {isa = PBXFileReference; lastKnownFileType = sourcecode.swift; path = AppDelegate.swift; sourceTree = "<group>"; };
		CE1A4ADB26F0CE0D0092FAEC /* SceneDelegate.swift */ = {isa = PBXFileReference; lastKnownFileType = sourcecode.swift; path = SceneDelegate.swift; sourceTree = "<group>"; };
		CE1A4ADD26F0CE0D0092FAEC /* ContentView.swift */ = {isa = PBXFileReference; lastKnownFileType = sourcecode.swift; path = ContentView.swift; sourceTree = "<group>"; };
		CE1A4ADF26F0CE0E0092FAEC /* Assets.xcassets */ = {isa = PBXFileReference; lastKnownFileType = folder.assetcatalog; path = Assets.xcassets; sourceTree = "<group>"; };
		CE1A4AE226F0CE0E0092FAEC /* Preview Assets.xcassets */ = {isa = PBXFileReference; lastKnownFileType = folder.assetcatalog; path = "Preview Assets.xcassets"; sourceTree = "<group>"; };
		CE1A4AE526F0CE0E0092FAEC /* Base */ = {isa = PBXFileReference; lastKnownFileType = file.storyboard; name = Base; path = Base.lproj/LaunchScreen.storyboard; sourceTree = "<group>"; };
		CE1A4AE726F0CE0E0092FAEC /* Info.plist */ = {isa = PBXFileReference; lastKnownFileType = text.plist.xml; path = Info.plist; sourceTree = "<group>"; };
/* End PBXFileReference section */

/* Begin PBXFrameworksBuildPhase section */
		CE1A4AD326F0CE0D0092FAEC /* Frameworks */ = {
			isa = PBXFrameworksBuildPhase;
			buildActionMask = 2147483647;
			files = (
			);
			runOnlyForDeploymentPostprocessing = 0;
		};
/* End PBXFrameworksBuildPhase section */

/* Begin PBXGroup section */
		CE1A4ACD26F0CE0D0092FAEC = {
			isa = PBXGroup;
			children = (
				CE1A4AD826F0CE0D0092FAEC /* proba */,
				CE1A4AD726F0CE0D0092FAEC /* Products */,
			);
			sourceTree = "<group>";
		};
		CE1A4AD726F0CE0D0092FAEC /* Products */ = {
			isa = PBXGroup;
			children = (
				CE1A4AD626F0CE0D0092FAEC /* proba.app */,
			);
			name = Products;
			sourceTree = "<group>";
		};
		CE1A4AD826F0CE0D0092FAEC /* proba */ = {
			isa = PBXGroup;
			children = (
				CE1A4AD926F0CE0D0092FAEC /* AppDelegate.swift */,
				CE1A4ADB26F0CE0D0092FAEC /* SceneDelegate.swift */,
				CE1A4ADD26F0CE0D0092FAEC /* ContentView.swift */,
				CE1A4ADF26F0CE0E0092FAEC /* Assets.xcassets */,
				CE1A4AE426F0CE0E0092FAEC /* LaunchScreen.storyboard */,
				CE1A4AE726F0CE0E0092FAEC /* Info.plist */,
				CE1A4AE126F0CE0E0092FAEC /* Preview Content */,
			);
			path = proba;
			sourceTree = "<group>";
		};
		CE1A4AE126F0CE0E0092FAEC /* Preview Content */ = {
			isa = PBXGroup;
			children = (
				CE1A4AE226F0CE0E0092FAEC /* Preview Assets.xcassets */,
			);
			path = "Preview Content";
			sourceTree = "<group>";
		};
/* End PBXGroup section */

/* Begin PBXNativeTarget section */
		CE1A4AD526F0CE0D0092FAEC /* proba */ = {
			isa = PBXNativeTarget;
			buildConfigurationList = CE1A4AEA26F0CE0E0092FAEC /* Build configuration list for PBXNativeTarget "proba" */;
			buildPhases = (
				CE1A4AD226F0CE0D0092FAEC /* Sources */,
				CE1A4AD326F0CE0D0092FAEC /* Frameworks */,
				CE1A4AD426F0CE0D0092FAEC /* Resources */,
			);
			buildRules = (
			);
			dependencies = (
			);
			name = proba;
			productName = proba;
			productReference = CE1A4AD626F0CE0D0092FAEC /* proba.app */;
			productType = "com.apple.product-type.application";
		};
/* End PBXNativeTarget section */

/* Begin PBXProject section */
		CE1A4ACE26F0CE0D0092FAEC /* Project object */ = {
			isa = PBXProject;
			attributes = {
				LastSwiftUpdateCheck = 1240;
				LastUpgradeCheck = 1240;
				TargetAttributes = {
					CE1A4AD526F0CE0D0092FAEC = {
						CreatedOnToolsVersion = 12.4;
					};
				};
			};
			buildConfigurationList = CE1A4AD126F0CE0D0092FAEC /* Build configuration list for PBXProject "proba" */;
			compatibilityVersion = "Xcode 9.3";
			developmentRegion = en;
			hasScannedForEncodings = 0;
			knownRegions = (
				en,
				Base,
			);
			mainGroup = CE1A4ACD26F0CE0D0092FAEC;
			productRefGroup = CE1A4AD726F0CE0D0092FAEC /* Products */;
			projectDirPath = "";
			projectRoot = "";
			targets = (
				CE1A4AD526F0CE0D0092FAEC /* proba */,
			);
		};
/* End PBXProject section */

/* Begin PBXResourcesBuildPhase section */
		CE1A4AD426F0CE0D0092FAEC /* Resources */ = {
			isa = PBXResourcesBuildPhase;
			buildActionMask = 2147483647;
			files = (
				CE1A4AE626F0CE0E0092FAEC /* LaunchScreen.storyboard in Resources */,
				CE1A4AE326F0CE0E0092FAEC /* Preview Assets.xcassets in Resources */,
				CE1A4AE026F0CE0E0092FAEC /* Assets.xcassets in Resources */,
			);
			runOnlyForDeploymentPostprocessing = 0;
		};
/* End PBXResourcesBuildPhase section */

/* Begin PBXSourcesBuildPhase section */
		CE1A4AD226F0CE0D0092FAEC /* Sources */ = {
			isa = PBXSourcesBuildPhase;
			buildActionMask = 2147483647;
			files = (
				CE1A4ADA26F0CE0D0092FAEC /* AppDelegate.swift in Sources */,
				CE1A4ADC26F0CE0D0092FAEC /* SceneDelegate.swift in Sources */,
				CE1A4ADE26F0CE0D0092FAEC /* ContentView.swift in Sources */,
			);
			runOnlyForDeploymentPostprocessing = 0;
		};
/* End PBXSourcesBuildPhase section */

/* Begin PBXVariantGroup section */
		CE1A4AE426F0CE0E0092FAEC /* LaunchScreen.storyboard */ = {
			isa = PBXVariantGroup;
			children = (
				CE1A4AE526F0CE0E0092FAEC /* Base */,
			);
			name = LaunchScreen.storyboard;
			sourceTree = "<group>";
		};
/* End PBXVariantGroup section */

/* Begin XCBuildConfiguration section */
		CE1A4AE826F0CE0E0092FAEC /* Debug */ = {
			isa = XCBuildConfiguration;
			buildSettings = {
				ALWAYS_SEARCH_USER_PATHS = NO;
				CLANG_ANALYZER_NONNULL = YES;
				CLANG_ANALYZER_NUMBER_OBJECT_CONVERSION = YES_AGGRESSIVE;
				CLANG_CXX_LANGUAGE_STANDARD = "gnu++14";
				CLANG_CXX_LIBRARY = "libc++";
				CLANG_ENABLE_MODULES = YES;
				CLANG_ENABLE_OBJC_ARC = YES;
				CLANG_ENABLE_OBJC_WEAK = YES;
				CLANG_WARN_BLOCK_CAPTURE_AUTORELEASING = YES;
				CLANG_WARN_BOOL_CONVERSION = YES;
				CLANG_WARN_COMMA = YES;
				CLANG_WARN_CONSTANT_CONVERSION = YES;
				CLANG_WARN_DEPRECATED_OBJC_IMPLEMENTATIONS = YES;
				CLANG_WARN_DIRECT_OBJC_ISA_USAGE = YES_ERROR;
				CLANG_WARN_DOCUMENTATION_COMMENTS = YES;
				CLANG_WARN_EMPTY_BODY = YES;
				CLANG_WARN_ENUM_CONVERSION = YES;
				CLANG_WARN_INFINITE_RECURSION = YES;
				CLANG_WARN_INT_CONVERSION = YES;
				CLANG_WARN_NON_LITERAL_NULL_CONVERSION = YES;
				CLANG_WARN_OBJC_IMPLICIT_RETAIN_SELF = YES;
				CLANG_WARN_OBJC_LITERAL_CONVERSION = YES;
				CLANG_WARN_OBJC_ROOT_CLASS = YES_ERROR;
				CLANG_WARN_QUOTED_INCLUDE_IN_FRAMEWORK_HEADER = YES;
				CLANG_WARN_RANGE_LOOP_ANALYSIS = YES;
				CLANG_WARN_STRICT_PROTOTYPES = YES;
				CLANG_WARN_SUSPICIOUS_MOVE = YES;
				CLANG_WARN_UNGUARDED_AVAILABILITY = YES_AGGRESSIVE;
				CLANG_WARN_UNREACHABLE_CODE = YES;
				CLANG_WARN__DUPLICATE_METHOD_MATCH = YES;
				COPY_PHASE_STRIP = NO;
				DEBUG_INFORMATION_FORMAT = dwarf;
				ENABLE_STRICT_OBJC_MSGSEND = YES;
				ENABLE_TESTABILITY = YES;
				GCC_C_LANGUAGE_STANDARD = gnu11;
				GCC_DYNAMIC_NO_PIC = NO;
				GCC_NO_COMMON_BLOCKS = YES;
				GCC_OPTIMIZATION_LEVEL = 0;
				GCC_PREPROCESSOR_DEFINITIONS = (
					"DEBUG=1",
					"$(inherited)",
				);
				GCC_WARN_64_TO_32_BIT_CONVERSION = YES;
				GCC_WARN_ABOUT_RETURN_TYPE = YES_ERROR;
				GCC_WARN_UNDECLARED_SELECTOR = YES;
				GCC_WARN_UNINITIALIZED_AUTOS = YES_AGGRESSIVE;
				GCC_WARN_UNUSED_FUNCTION = YES;
				GCC_WARN_UNUSED_VARIABLE = YES;
				IPHONEOS_DEPLOYMENT_TARGET = 14.4;
				MTL_ENABLE_DEBUG_INFO = INCLUDE_SOURCE;
				MTL_FAST_MATH = YES;
				ONLY_ACTIVE_ARCH = YES;
				SDKROOT = iphoneos;
				SWIFT_ACTIVE_COMPILATION_CONDITIONS = DEBUG;
				SWIFT_OPTIMIZATION_LEVEL = "-Onone";
			};
			name = Debug;
		};
		CE1A4AE926F0CE0E0092FAEC /* Release */ = {
			isa = XCBuildConfiguration;
			buildSettings = {
				ALWAYS_SEARCH_USER_PATHS = NO;
				CLANG_ANALYZER_NONNULL = YES;
				CLANG_ANALYZER_NUMBER_OBJECT_CONVERSION = YES_AGGRESSIVE;
				CLANG_CXX_LANGUAGE_STANDARD = "gnu++14";
				CLANG_CXX_LIBRARY = "libc++";
				CLANG_ENABLE_MODULES = YES;
				CLANG_ENABLE_OBJC_ARC = YES;
				CLANG_ENABLE_OBJC_WEAK = YES;
				CLANG_WARN_BLOCK_CAPTURE_AUTORELEASING = YES;
				CLANG_WARN_BOOL_CONVERSION = YES;
				CLANG_WARN_COMMA = YES;
				CLANG_WARN_CONSTANT_CONVERSION = YES;
				CLANG_WARN_DEPRECATED_OBJC_IMPLEMENTATIONS = YES;
				CLANG_WARN_DIRECT_OBJC_ISA_USAGE = YES_ERROR;
				CLANG_WARN_DOCUMENTATION_COMMENTS = YES;
				CLANG_WARN_EMPTY_BODY = YES;
				CLANG_WARN_ENUM_CONVERSION = YES;
				CLANG_WARN_INFINITE_RECURSION = YES;
				CLANG_WARN_INT_CONVERSION = YES;
				CLANG_WARN_NON_LITERAL_NULL_CONVERSION = YES;
				CLANG_WARN_OBJC_IMPLICIT_RETAIN_SELF = YES;
				CLANG_WARN_OBJC_LITERAL_CONVERSION = YES;
				CLANG_WARN_OBJC_ROOT_CLASS = YES_ERROR;
				CLANG_WARN_QUOTED_INCLUDE_IN_FRAMEWORK_HEADER = YES;
				CLANG_WARN_RANGE_LOOP_ANALYSIS = YES;
				CLANG_WARN_STRICT_PROTOTYPES = YES;
				CLANG_WARN_SUSPICIOUS_MOVE = YES;
				CLANG_WARN_UNGUARDED_AVAILABILITY = YES_AGGRESSIVE;
				CLANG_WARN_UNREACHABLE_CODE = YES;
				CLANG_WARN__DUPLICATE_METHOD_MATCH = YES;
				COPY_PHASE_STRIP = NO;
				DEBUG_INFORMATION_FORMAT = "dwarf-with-dsym";
				ENABLE_NS_ASSERTIONS = NO;
				ENABLE_STRICT_OBJC_MSGSEND = YES;
				GCC_C_LANGUAGE_STANDARD = gnu11;
				GCC_NO_COMMON_BLOCKS = YES;
				GCC_WARN_64_TO_32_BIT_CONVERSION = YES;
				GCC_WARN_ABOUT_RETURN_TYPE = YES_ERROR;
				GCC_WARN_UNDECLARED_SELECTOR = YES;
				GCC_WARN_UNINITIALIZED_AUTOS = YES_AGGRESSIVE;
				GCC_WARN_UNUSED_FUNCTION = YES;
				GCC_WARN_UNUSED_VARIABLE = YES;
				IPHONEOS_DEPLOYMENT_TARGET = 14.4;
				MTL_ENABLE_DEBUG_INFO = NO;
				MTL_FAST_MATH = YES;
				SDKROOT = iphoneos;
				SWIFT_COMPILATION_MODE = wholemodule;
				SWIFT_OPTIMIZATION_LEVEL = "-O";
				VALIDATE_PRODUCT = YES;
			};
			name = Release;
		};
		CE1A4AEB26F0CE0E0092FAEC /* Debug */ = {
			isa = XCBuildConfiguration;
			buildSettings = {
				ASSETCATALOG_COMPILER_APPICON_NAME = AppIcon;
				ASSETCATALOG_COMPILER_GLOBAL_ACCENT_COLOR_NAME = AccentColor;
				CODE_SIGN_STYLE = Automatic;
				DEVELOPMENT_ASSET_PATHS = "\"proba/Preview Content\"";
				ENABLE_PREVIEWS = YES;
				INFOPLIST_FILE = proba/Info.plist;
				LD_RUNPATH_SEARCH_PATHS = (
					"$(inherited)",
					"@executable_path/Frameworks",
				);
				PRODUCT_BUNDLE_IDENTIFIER = ru.Elchaninov.proba;
				PRODUCT_NAME = "$(TARGET_NAME)";
				SWIFT_VERSION = 5.0;
				TARGETED_DEVICE_FAMILY = "1,2";
			};
			name = Debug;
		};
		CE1A4AEC26F0CE0E0092FAEC /* Release */ = {
			isa = XCBuildConfiguration;
			buildSettings = {
				ASSETCATALOG_COMPILER_APPICON_NAME = AppIcon;
				ASSETCATALOG_COMPILER_GLOBAL_ACCENT_COLOR_NAME = AccentColor;
				CODE_SIGN_STYLE = Automatic;
				DEVELOPMENT_ASSET_PATHS = "\"proba/Preview Content\"";
				ENABLE_PREVIEWS = YES;
				INFOPLIST_FILE = proba/Info.plist;
				LD_RUNPATH_SEARCH_PATHS = (
					"$(inherited)",
					"@executable_path/Frameworks",
				);
				PRODUCT_BUNDLE_IDENTIFIER = ru.Elchaninov.proba;
				PRODUCT_NAME = "$(TARGET_NAME)";
				SWIFT_VERSION = 5.0;
				TARGETED_DEVICE_FAMILY = "1,2";
			};
			name = Release;
		};
/* End XCBuildConfiguration section */

/* Begin XCConfigurationList section */
		CE1A4AD126F0CE0D0092FAEC /* Build configuration list for PBXProject "proba" */ = {
			isa = XCConfigurationList;
			buildConfigurations = (
				CE1A4AE826F0CE0E0092FAEC /* Debug */,
				CE1A4AE926F0CE0E0092FAEC /* Release */,
			);
			defaultConfigurationIsVisible = 0;
			defaultConfigurationName = Release;
		};
		CE1A4AEA26F0CE0E0092FAEC /* Build configuration list for PBXNativeTarget "proba" */ = {
			isa = XCConfigurationList;
			buildConfigurations = (
				CE1A4AEB26F0CE0E0092FAEC /* Debug */,
				CE1A4AEC26F0CE0E0092FAEC /* Release */,
			);
			defaultConfigurationIsVisible = 0;
			defaultConfigurationName = Release;
		};
/* End XCConfigurationList section */
	};
	rootObject = CE1A4ACE26F0CE0D0092FAEC /* Project object */;
}
